// !$*UTF8*$!
{
	archiveVersion = 1;
	classes = {
	};
	objectVersion = 50;
	objects = {

/* Begin PBXBuildFile section */
		A87592E220F29B0F00660083 /* Game.swift in Sources */ = {isa = PBXBuildFile; fileRef = A87592E120F29B0F00660083 /* Game.swift */; };
		A87592E520F29D9D00660083 /* FirstPlayerResultViewController.swift in Sources */ = {isa = PBXBuildFile; fileRef = A87592E320F29D9D00660083 /* FirstPlayerResultViewController.swift */; };
		A87592E620F29D9D00660083 /* FirstPlayerResultViewController.xib in Resources */ = {isa = PBXBuildFile; fileRef = A87592E420F29D9D00660083 /* FirstPlayerResultViewController.xib */; };
		A87592E920F2A2A000660083 /* GameResultsViewController.swift in Sources */ = {isa = PBXBuildFile; fileRef = A87592E720F2A2A000660083 /* GameResultsViewController.swift */; };
		A87592EA20F2A2A000660083 /* GameResultsViewController.xib in Resources */ = {isa = PBXBuildFile; fileRef = A87592E820F2A2A000660083 /* GameResultsViewController.xib */; };
		A8ECC6B720F00D4500E76676 /* AppUser+CoreDataClass.swift in Sources */ = {isa = PBXBuildFile; fileRef = A8ECC6B520F00D4500E76676 /* AppUser+CoreDataClass.swift */; };
		A8ECC6B820F00D4500E76676 /* AppUser+CoreDataProperties.swift in Sources */ = {isa = PBXBuildFile; fileRef = A8ECC6B620F00D4500E76676 /* AppUser+CoreDataProperties.swift */; };
		A8ECC6BF20F00FC800E76676 /* QuestionController.swift in Sources */ = {isa = PBXBuildFile; fileRef = A8ECC6BD20F00FC800E76676 /* QuestionController.swift */; };
		A8ECC6C020F00FC800E76676 /* QuestionController.xib in Resources */ = {isa = PBXBuildFile; fileRef = A8ECC6BE20F00FC800E76676 /* QuestionController.xib */; };
		A8ECC6C520F0187400E76676 /* Question.swift in Sources */ = {isa = PBXBuildFile; fileRef = A8ECC6C420F0187400E76676 /* Question.swift */; };
		A8ECC6C720F019AF00E76676 /* MathOperationEnum.swift in Sources */ = {isa = PBXBuildFile; fileRef = A8ECC6C620F019AF00E76676 /* MathOperationEnum.swift */; };
		A8ECC6CB20F0A92B00E76676 /* QuestionFactory.swift in Sources */ = {isa = PBXBuildFile; fileRef = A8ECC6CA20F0A92B00E76676 /* QuestionFactory.swift */; };
		A8ECC6CE20F1484C00E76676 /* WrongAnswerController.swift in Sources */ = {isa = PBXBuildFile; fileRef = A8ECC6CC20F1484C00E76676 /* WrongAnswerController.swift */; };
		A8ECC6CF20F1484C00E76676 /* WrongAnswerController.xib in Resources */ = {isa = PBXBuildFile; fileRef = A8ECC6CD20F1484C00E76676 /* WrongAnswerController.xib */; };
		A8ECC6D220F14E2A00E76676 /* Score+CoreDataClass.swift in Sources */ = {isa = PBXBuildFile; fileRef = A8ECC6D020F14E2A00E76676 /* Score+CoreDataClass.swift */; };
		A8ECC6D320F14E2A00E76676 /* Score+CoreDataProperties.swift in Sources */ = {isa = PBXBuildFile; fileRef = A8ECC6D120F14E2A00E76676 /* Score+CoreDataProperties.swift */; };
		C5B6A1B020F002CA000B3941 /* AppDelegate.swift in Sources */ = {isa = PBXBuildFile; fileRef = C5B6A1AF20F002CA000B3941 /* AppDelegate.swift */; };
		C5B6A1B520F002CA000B3941 /* Main.storyboard in Resources */ = {isa = PBXBuildFile; fileRef = C5B6A1B320F002CA000B3941 /* Main.storyboard */; };
		C5B6A1B820F002CA000B3941 /* RUAZOSI_2018_projekt.xcdatamodeld in Sources */ = {isa = PBXBuildFile; fileRef = C5B6A1B620F002CA000B3941 /* RUAZOSI_2018_projekt.xcdatamodeld */; };
		C5B6A1BA20F002CA000B3941 /* Assets.xcassets in Resources */ = {isa = PBXBuildFile; fileRef = C5B6A1B920F002CA000B3941 /* Assets.xcassets */; };
		C5B6A1BD20F002CA000B3941 /* LaunchScreen.storyboard in Resources */ = {isa = PBXBuildFile; fileRef = C5B6A1BB20F002CA000B3941 /* LaunchScreen.storyboard */; };
		C5B6A1C720F00307000B3941 /* WelcomeController.swift in Sources */ = {isa = PBXBuildFile; fileRef = C5B6A1C520F00307000B3941 /* WelcomeController.swift */; };
		C5B6A1C820F00307000B3941 /* WelcomeController.xib in Resources */ = {isa = PBXBuildFile; fileRef = C5B6A1C620F00307000B3941 /* WelcomeController.xib */; };
		C5B6A1CB20F26EF5000B3941 /* UITextFieldExt.swift in Sources */ = {isa = PBXBuildFile; fileRef = C5B6A1CA20F26EF5000B3941 /* UITextFieldExt.swift */; };
/* End PBXBuildFile section */

/* Begin PBXFileReference section */
		A87592E120F29B0F00660083 /* Game.swift */ = {isa = PBXFileReference; lastKnownFileType = sourcecode.swift; path = Game.swift; sourceTree = "<group>"; };
		A87592E320F29D9D00660083 /* FirstPlayerResultViewController.swift */ = {isa = PBXFileReference; lastKnownFileType = sourcecode.swift; path = FirstPlayerResultViewController.swift; sourceTree = "<group>"; };
		A87592E420F29D9D00660083 /* FirstPlayerResultViewController.xib */ = {isa = PBXFileReference; lastKnownFileType = file.xib; path = FirstPlayerResultViewController.xib; sourceTree = "<group>"; };
		A87592E720F2A2A000660083 /* GameResultsViewController.swift */ = {isa = PBXFileReference; lastKnownFileType = sourcecode.swift; path = GameResultsViewController.swift; sourceTree = "<group>"; };
		A87592E820F2A2A000660083 /* GameResultsViewController.xib */ = {isa = PBXFileReference; lastKnownFileType = file.xib; path = GameResultsViewController.xib; sourceTree = "<group>"; };
		A8ECC6B520F00D4500E76676 /* AppUser+CoreDataClass.swift */ = {isa = PBXFileReference; lastKnownFileType = sourcecode.swift; path = "AppUser+CoreDataClass.swift"; sourceTree = "<group>"; };
		A8ECC6B620F00D4500E76676 /* AppUser+CoreDataProperties.swift */ = {isa = PBXFileReference; lastKnownFileType = sourcecode.swift; path = "AppUser+CoreDataProperties.swift"; sourceTree = "<group>"; };
		A8ECC6BD20F00FC800E76676 /* QuestionController.swift */ = {isa = PBXFileReference; lastKnownFileType = sourcecode.swift; path = QuestionController.swift; sourceTree = "<group>"; };
		A8ECC6BE20F00FC800E76676 /* QuestionController.xib */ = {isa = PBXFileReference; lastKnownFileType = file.xib; path = QuestionController.xib; sourceTree = "<group>"; };
		A8ECC6C420F0187400E76676 /* Question.swift */ = {isa = PBXFileReference; lastKnownFileType = sourcecode.swift; path = Question.swift; sourceTree = "<group>"; };
		A8ECC6C620F019AF00E76676 /* MathOperationEnum.swift */ = {isa = PBXFileReference; lastKnownFileType = sourcecode.swift; path = MathOperationEnum.swift; sourceTree = "<group>"; };
		A8ECC6CA20F0A92B00E76676 /* QuestionFactory.swift */ = {isa = PBXFileReference; lastKnownFileType = sourcecode.swift; path = QuestionFactory.swift; sourceTree = "<group>"; };
		A8ECC6CC20F1484C00E76676 /* WrongAnswerController.swift */ = {isa = PBXFileReference; lastKnownFileType = sourcecode.swift; path = WrongAnswerController.swift; sourceTree = "<group>"; };
		A8ECC6CD20F1484C00E76676 /* WrongAnswerController.xib */ = {isa = PBXFileReference; lastKnownFileType = file.xib; path = WrongAnswerController.xib; sourceTree = "<group>"; };
		A8ECC6D020F14E2A00E76676 /* Score+CoreDataClass.swift */ = {isa = PBXFileReference; lastKnownFileType = sourcecode.swift; path = "Score+CoreDataClass.swift"; sourceTree = "<group>"; };
		A8ECC6D120F14E2A00E76676 /* Score+CoreDataProperties.swift */ = {isa = PBXFileReference; lastKnownFileType = sourcecode.swift; path = "Score+CoreDataProperties.swift"; sourceTree = "<group>"; };
		C5B6A1AC20F002CA000B3941 /* RUAZOSI_2018_projekt.app */ = {isa = PBXFileReference; explicitFileType = wrapper.application; includeInIndex = 0; path = RUAZOSI_2018_projekt.app; sourceTree = BUILT_PRODUCTS_DIR; };
		C5B6A1AF20F002CA000B3941 /* AppDelegate.swift */ = {isa = PBXFileReference; lastKnownFileType = sourcecode.swift; path = AppDelegate.swift; sourceTree = "<group>"; };
		C5B6A1B420F002CA000B3941 /* Base */ = {isa = PBXFileReference; lastKnownFileType = file.storyboard; name = Base; path = Base.lproj/Main.storyboard; sourceTree = "<group>"; };
		C5B6A1B720F002CA000B3941 /* RUAZOSI_2018_projekt.xcdatamodel */ = {isa = PBXFileReference; lastKnownFileType = wrapper.xcdatamodel; path = RUAZOSI_2018_projekt.xcdatamodel; sourceTree = "<group>"; };
		C5B6A1B920F002CA000B3941 /* Assets.xcassets */ = {isa = PBXFileReference; lastKnownFileType = folder.assetcatalog; path = Assets.xcassets; sourceTree = "<group>"; };
		C5B6A1BC20F002CA000B3941 /* Base */ = {isa = PBXFileReference; lastKnownFileType = file.storyboard; name = Base; path = Base.lproj/LaunchScreen.storyboard; sourceTree = "<group>"; };
		C5B6A1BE20F002CA000B3941 /* Info.plist */ = {isa = PBXFileReference; lastKnownFileType = text.plist.xml; path = Info.plist; sourceTree = "<group>"; };
		C5B6A1C520F00307000B3941 /* WelcomeController.swift */ = {isa = PBXFileReference; lastKnownFileType = sourcecode.swift; path = WelcomeController.swift; sourceTree = "<group>"; };
		C5B6A1C620F00307000B3941 /* WelcomeController.xib */ = {isa = PBXFileReference; lastKnownFileType = file.xib; path = WelcomeController.xib; sourceTree = "<group>"; };
		C5B6A1CA20F26EF5000B3941 /* UITextFieldExt.swift */ = {isa = PBXFileReference; lastKnownFileType = sourcecode.swift; path = UITextFieldExt.swift; sourceTree = "<group>"; };
/* End PBXFileReference section */

/* Begin PBXFrameworksBuildPhase section */
		C5B6A1A920F002CA000B3941 /* Frameworks */ = {
			isa = PBXFrameworksBuildPhase;
			buildActionMask = 2147483647;
			files = (
			);
			runOnlyForDeploymentPostprocessing = 0;
		};
/* End PBXFrameworksBuildPhase section */

/* Begin PBXGroup section */
		A8ECC6AC20F0072A00E76676 /* models */ = {
			isa = PBXGroup;
			children = (
				A8ECC6D020F14E2A00E76676 /* Score+CoreDataClass.swift */,
				A8ECC6D120F14E2A00E76676 /* Score+CoreDataProperties.swift */,
				A8ECC6B520F00D4500E76676 /* AppUser+CoreDataClass.swift */,
				A8ECC6B620F00D4500E76676 /* AppUser+CoreDataProperties.swift */,
				C5B6A1B620F002CA000B3941 /* RUAZOSI_2018_projekt.xcdatamodeld */,
			);
			path = models;
			sourceTree = "<group>";
		};
		A8ECC6C320F0186500E76676 /* domain */ = {
			isa = PBXGroup;
			children = (
				A8ECC6C420F0187400E76676 /* Question.swift */,
				A8ECC6C620F019AF00E76676 /* MathOperationEnum.swift */,
				A8ECC6CA20F0A92B00E76676 /* QuestionFactory.swift */,
				A87592E120F29B0F00660083 /* Game.swift */,
			);
			path = domain;
			sourceTree = "<group>";
		};
		C5B6A1A320F002CA000B3941 = {
			isa = PBXGroup;
			children = (
				C5B6A1AE20F002CA000B3941 /* RUAZOSI_2018_projekt */,
				C5B6A1AD20F002CA000B3941 /* Products */,
			);
			sourceTree = "<group>";
		};
		C5B6A1AD20F002CA000B3941 /* Products */ = {
			isa = PBXGroup;
			children = (
				C5B6A1AC20F002CA000B3941 /* RUAZOSI_2018_projekt.app */,
			);
			name = Products;
			sourceTree = "<group>";
		};
		C5B6A1AE20F002CA000B3941 /* RUAZOSI_2018_projekt */ = {
			isa = PBXGroup;
			children = (
				C5B6A1C920F26ED2000B3941 /* extensions */,
				A8ECC6C320F0186500E76676 /* domain */,
				A8ECC6AC20F0072A00E76676 /* models */,
				C5B6A1C420F002E7000B3941 /* controllers */,
				C5B6A1AF20F002CA000B3941 /* AppDelegate.swift */,
				C5B6A1B320F002CA000B3941 /* Main.storyboard */,
				C5B6A1B920F002CA000B3941 /* Assets.xcassets */,
				C5B6A1BB20F002CA000B3941 /* LaunchScreen.storyboard */,
				C5B6A1BE20F002CA000B3941 /* Info.plist */,
			);
			path = RUAZOSI_2018_projekt;
			sourceTree = "<group>";
		};
		C5B6A1C420F002E7000B3941 /* controllers */ = {
			isa = PBXGroup;
			children = (
				C5B6A1C520F00307000B3941 /* WelcomeController.swift */,
				C5B6A1C620F00307000B3941 /* WelcomeController.xib */,
				A8ECC6BD20F00FC800E76676 /* QuestionController.swift */,
				A8ECC6BE20F00FC800E76676 /* QuestionController.xib */,
				A8ECC6CC20F1484C00E76676 /* WrongAnswerController.swift */,
				A8ECC6CD20F1484C00E76676 /* WrongAnswerController.xib */,
				A87592E320F29D9D00660083 /* FirstPlayerResultViewController.swift */,
				A87592E420F29D9D00660083 /* FirstPlayerResultViewController.xib */,
				A87592E720F2A2A000660083 /* GameResultsViewController.swift */,
				A87592E820F2A2A000660083 /* GameResultsViewController.xib */,
			);
			path = controllers;
			sourceTree = "<group>";
		};
		C5B6A1C920F26ED2000B3941 /* extensions */ = {
			isa = PBXGroup;
			children = (
				C5B6A1CA20F26EF5000B3941 /* UITextFieldExt.swift */,
			);
			path = extensions;
			sourceTree = "<group>";
		};
/* End PBXGroup section */

/* Begin PBXNativeTarget section */
		C5B6A1AB20F002CA000B3941 /* RUAZOSI_2018_projekt */ = {
			isa = PBXNativeTarget;
			buildConfigurationList = C5B6A1C120F002CA000B3941 /* Build configuration list for PBXNativeTarget "RUAZOSI_2018_projekt" */;
			buildPhases = (
				C5B6A1A820F002CA000B3941 /* Sources */,
				C5B6A1A920F002CA000B3941 /* Frameworks */,
				C5B6A1AA20F002CA000B3941 /* Resources */,
			);
			buildRules = (
			);
			dependencies = (
			);
			name = RUAZOSI_2018_projekt;
			productName = RUAZOSI_2018_projekt;
			productReference = C5B6A1AC20F002CA000B3941 /* RUAZOSI_2018_projekt.app */;
			productType = "com.apple.product-type.application";
		};
/* End PBXNativeTarget section */

/* Begin PBXProject section */
		C5B6A1A420F002CA000B3941 /* Project object */ = {
			isa = PBXProject;
			attributes = {
				LastSwiftUpdateCheck = 0930;
				LastUpgradeCheck = 0930;
				ORGANIZATIONNAME = "Lea Rački";
				TargetAttributes = {
					C5B6A1AB20F002CA000B3941 = {
						CreatedOnToolsVersion = 9.3;
					};
				};
			};
			buildConfigurationList = C5B6A1A720F002CA000B3941 /* Build configuration list for PBXProject "RUAZOSI_2018_projekt" */;
			compatibilityVersion = "Xcode 9.3";
			developmentRegion = en;
			hasScannedForEncodings = 0;
			knownRegions = (
				en,
				Base,
			);
			mainGroup = C5B6A1A320F002CA000B3941;
			productRefGroup = C5B6A1AD20F002CA000B3941 /* Products */;
			projectDirPath = "";
			projectRoot = "";
			targets = (
				C5B6A1AB20F002CA000B3941 /* RUAZOSI_2018_projekt */,
			);
		};
/* End PBXProject section */

/* Begin PBXResourcesBuildPhase section */
		C5B6A1AA20F002CA000B3941 /* Resources */ = {
			isa = PBXResourcesBuildPhase;
			buildActionMask = 2147483647;
			files = (
				C5B6A1BD20F002CA000B3941 /* LaunchScreen.storyboard in Resources */,
				A87592EA20F2A2A000660083 /* GameResultsViewController.xib in Resources */,
				A87592E620F29D9D00660083 /* FirstPlayerResultViewController.xib in Resources */,
				C5B6A1BA20F002CA000B3941 /* Assets.xcassets in Resources */,
				C5B6A1C820F00307000B3941 /* WelcomeController.xib in Resources */,
				C5B6A1B520F002CA000B3941 /* Main.storyboard in Resources */,
				A8ECC6C020F00FC800E76676 /* QuestionController.xib in Resources */,
				A8ECC6CF20F1484C00E76676 /* WrongAnswerController.xib in Resources */,
			);
			runOnlyForDeploymentPostprocessing = 0;
		};
/* End PBXResourcesBuildPhase section */

/* Begin PBXSourcesBuildPhase section */
		C5B6A1A820F002CA000B3941 /* Sources */ = {
			isa = PBXSourcesBuildPhase;
			buildActionMask = 2147483647;
			files = (
				A8ECC6D320F14E2A00E76676 /* Score+CoreDataProperties.swift in Sources */,
				A8ECC6C720F019AF00E76676 /* MathOperationEnum.swift in Sources */,
				C5B6A1B820F002CA000B3941 /* RUAZOSI_2018_projekt.xcdatamodeld in Sources */,
				A8ECC6B720F00D4500E76676 /* AppUser+CoreDataClass.swift in Sources */,
				A8ECC6C520F0187400E76676 /* Question.swift in Sources */,
				A87592E920F2A2A000660083 /* GameResultsViewController.swift in Sources */,
				C5B6A1C720F00307000B3941 /* WelcomeController.swift in Sources */,
				A8ECC6B820F00D4500E76676 /* AppUser+CoreDataProperties.swift in Sources */,
				A8ECC6D220F14E2A00E76676 /* Score+CoreDataClass.swift in Sources */,
				A8ECC6CB20F0A92B00E76676 /* QuestionFactory.swift in Sources */,
				A87592E220F29B0F00660083 /* Game.swift in Sources */,
				C5B6A1B020F002CA000B3941 /* AppDelegate.swift in Sources */,
				A8ECC6BF20F00FC800E76676 /* QuestionController.swift in Sources */,
				A8ECC6CE20F1484C00E76676 /* WrongAnswerController.swift in Sources */,
				A87592E520F29D9D00660083 /* FirstPlayerResultViewController.swift in Sources */,
				C5B6A1CB20F26EF5000B3941 /* UITextFieldExt.swift in Sources */,
			);
			runOnlyForDeploymentPostprocessing = 0;
		};
/* End PBXSourcesBuildPhase section */

/* Begin PBXVariantGroup section */
		C5B6A1B320F002CA000B3941 /* Main.storyboard */ = {
			isa = PBXVariantGroup;
			children = (
				C5B6A1B420F002CA000B3941 /* Base */,
			);
			name = Main.storyboard;
			sourceTree = "<group>";
		};
		C5B6A1BB20F002CA000B3941 /* LaunchScreen.storyboard */ = {
			isa = PBXVariantGroup;
			children = (
				C5B6A1BC20F002CA000B3941 /* Base */,
			);
			name = LaunchScreen.storyboard;
			sourceTree = "<group>";
		};
/* End PBXVariantGroup section */

/* Begin XCBuildConfiguration section */
		C5B6A1BF20F002CA000B3941 /* Debug */ = {
			isa = XCBuildConfiguration;
			buildSettings = {
				ALWAYS_SEARCH_USER_PATHS = NO;
				CLANG_ANALYZER_NONNULL = YES;
				CLANG_ANALYZER_NUMBER_OBJECT_CONVERSION = YES_AGGRESSIVE;
				CLANG_CXX_LANGUAGE_STANDARD = "gnu++14";
				CLANG_CXX_LIBRARY = "libc++";
				CLANG_ENABLE_MODULES = YES;
				CLANG_ENABLE_OBJC_ARC = YES;
				CLANG_ENABLE_OBJC_WEAK = YES;
				CLANG_WARN_BLOCK_CAPTURE_AUTORELEASING = YES;
				CLANG_WARN_BOOL_CONVERSION = YES;
				CLANG_WARN_COMMA = YES;
				CLANG_WARN_CONSTANT_CONVERSION = YES;
				CLANG_WARN_DEPRECATED_OBJC_IMPLEMENTATIONS = YES;
				CLANG_WARN_DIRECT_OBJC_ISA_USAGE = YES_ERROR;
				CLANG_WARN_DOCUMENTATION_COMMENTS = YES;
				CLANG_WARN_EMPTY_BODY = YES;
				CLANG_WARN_ENUM_CONVERSION = YES;
				CLANG_WARN_INFINITE_RECURSION = YES;
				CLANG_WARN_INT_CONVERSION = YES;
				CLANG_WARN_NON_LITERAL_NULL_CONVERSION = YES;
				CLANG_WARN_OBJC_IMPLICIT_RETAIN_SELF = YES;
				CLANG_WARN_OBJC_LITERAL_CONVERSION = YES;
				CLANG_WARN_OBJC_ROOT_CLASS = YES_ERROR;
				CLANG_WARN_RANGE_LOOP_ANALYSIS = YES;
				CLANG_WARN_STRICT_PROTOTYPES = YES;
				CLANG_WARN_SUSPICIOUS_MOVE = YES;
				CLANG_WARN_UNGUARDED_AVAILABILITY = YES_AGGRESSIVE;
				CLANG_WARN_UNREACHABLE_CODE = YES;
				CLANG_WARN__DUPLICATE_METHOD_MATCH = YES;
				CODE_SIGN_IDENTITY = "iPhone Developer";
				COPY_PHASE_STRIP = NO;
				DEBUG_INFORMATION_FORMAT = dwarf;
				ENABLE_STRICT_OBJC_MSGSEND = YES;
				ENABLE_TESTABILITY = YES;
				GCC_C_LANGUAGE_STANDARD = gnu11;
				GCC_DYNAMIC_NO_PIC = NO;
				GCC_NO_COMMON_BLOCKS = YES;
				GCC_OPTIMIZATION_LEVEL = 0;
				GCC_PREPROCESSOR_DEFINITIONS = (
					"DEBUG=1",
					"$(inherited)",
				);
				GCC_WARN_64_TO_32_BIT_CONVERSION = YES;
				GCC_WARN_ABOUT_RETURN_TYPE = YES_ERROR;
				GCC_WARN_UNDECLARED_SELECTOR = YES;
				GCC_WARN_UNINITIALIZED_AUTOS = YES_AGGRESSIVE;
				GCC_WARN_UNUSED_FUNCTION = YES;
				GCC_WARN_UNUSED_VARIABLE = YES;
				IPHONEOS_DEPLOYMENT_TARGET = 11.3;
				MTL_ENABLE_DEBUG_INFO = YES;
				ONLY_ACTIVE_ARCH = YES;
				SDKROOT = iphoneos;
				SWIFT_ACTIVE_COMPILATION_CONDITIONS = DEBUG;
				SWIFT_OPTIMIZATION_LEVEL = "-Onone";
			};
			name = Debug;
		};
		C5B6A1C020F002CA000B3941 /* Release */ = {
			isa = XCBuildConfiguration;
			buildSettings = {
				ALWAYS_SEARCH_USER_PATHS = NO;
				CLANG_ANALYZER_NONNULL = YES;
				CLANG_ANALYZER_NUMBER_OBJECT_CONVERSION = YES_AGGRESSIVE;
				CLANG_CXX_LANGUAGE_STANDARD = "gnu++14";
				CLANG_CXX_LIBRARY = "libc++";
				CLANG_ENABLE_MODULES = YES;
				CLANG_ENABLE_OBJC_ARC = YES;
				CLANG_ENABLE_OBJC_WEAK = YES;
				CLANG_WARN_BLOCK_CAPTURE_AUTORELEASING = YES;
				CLANG_WARN_BOOL_CONVERSION = YES;
				CLANG_WARN_COMMA = YES;
				CLANG_WARN_CONSTANT_CONVERSION = YES;
				CLANG_WARN_DEPRECATED_OBJC_IMPLEMENTATIONS = YES;
				CLANG_WARN_DIRECT_OBJC_ISA_USAGE = YES_ERROR;
				CLANG_WARN_DOCUMENTATION_COMMENTS = YES;
				CLANG_WARN_EMPTY_BODY = YES;
				CLANG_WARN_ENUM_CONVERSION = YES;
				CLANG_WARN_INFINITE_RECURSION = YES;
				CLANG_WARN_INT_CONVERSION = YES;
				CLANG_WARN_NON_LITERAL_NULL_CONVERSION = YES;
				CLANG_WARN_OBJC_IMPLICIT_RETAIN_SELF = YES;
				CLANG_WARN_OBJC_LITERAL_CONVERSION = YES;
				CLANG_WARN_OBJC_ROOT_CLASS = YES_ERROR;
				CLANG_WARN_RANGE_LOOP_ANALYSIS = YES;
				CLANG_WARN_STRICT_PROTOTYPES = YES;
				CLANG_WARN_SUSPICIOUS_MOVE = YES;
				CLANG_WARN_UNGUARDED_AVAILABILITY = YES_AGGRESSIVE;
				CLANG_WARN_UNREACHABLE_CODE = YES;
				CLANG_WARN__DUPLICATE_METHOD_MATCH = YES;
				CODE_SIGN_IDENTITY = "iPhone Developer";
				COPY_PHASE_STRIP = NO;
				DEBUG_INFORMATION_FORMAT = "dwarf-with-dsym";
				ENABLE_NS_ASSERTIONS = NO;
				ENABLE_STRICT_OBJC_MSGSEND = YES;
				GCC_C_LANGUAGE_STANDARD = gnu11;
				GCC_NO_COMMON_BLOCKS = YES;
				GCC_WARN_64_TO_32_BIT_CONVERSION = YES;
				GCC_WARN_ABOUT_RETURN_TYPE = YES_ERROR;
				GCC_WARN_UNDECLARED_SELECTOR = YES;
				GCC_WARN_UNINITIALIZED_AUTOS = YES_AGGRESSIVE;
				GCC_WARN_UNUSED_FUNCTION = YES;
				GCC_WARN_UNUSED_VARIABLE = YES;
				IPHONEOS_DEPLOYMENT_TARGET = 11.3;
				MTL_ENABLE_DEBUG_INFO = NO;
				SDKROOT = iphoneos;
				SWIFT_COMPILATION_MODE = wholemodule;
				SWIFT_OPTIMIZATION_LEVEL = "-O";
				VALIDATE_PRODUCT = YES;
			};
			name = Release;
		};
		C5B6A1C220F002CA000B3941 /* Debug */ = {
			isa = XCBuildConfiguration;
			buildSettings = {
				ASSETCATALOG_COMPILER_APPICON_NAME = AppIcon;
				CODE_SIGN_STYLE = Automatic;
				DEVELOPMENT_TEAM = 86UEKV73HK;
				INFOPLIST_FILE = RUAZOSI_2018_projekt/Info.plist;
				LD_RUNPATH_SEARCH_PATHS = (
					"$(inherited)",
					"@executable_path/Frameworks",
				);
				PRODUCT_BUNDLE_IDENTIFIER = "hr.fer.ruazosi.RUAZOSI-2018-projekt";
				PRODUCT_NAME = "$(TARGET_NAME)";
				SWIFT_VERSION = 4.0;
				TARGETED_DEVICE_FAMILY = "1,2";
			};
			name = Debug;
		};
		C5B6A1C320F002CA000B3941 /* Release */ = {
			isa = XCBuildConfiguration;
			buildSettings = {
				ASSETCATALOG_COMPILER_APPICON_NAME = AppIcon;
				CODE_SIGN_STYLE = Automatic;
				DEVELOPMENT_TEAM = 86UEKV73HK;
				INFOPLIST_FILE = RUAZOSI_2018_projekt/Info.plist;
				LD_RUNPATH_SEARCH_PATHS = (
					"$(inherited)",
					"@executable_path/Frameworks",
				);
				PRODUCT_BUNDLE_IDENTIFIER = "hr.fer.ruazosi.RUAZOSI-2018-projekt";
				PRODUCT_NAME = "$(TARGET_NAME)";
				SWIFT_VERSION = 4.0;
				TARGETED_DEVICE_FAMILY = "1,2";
			};
			name = Release;
		};
/* End XCBuildConfiguration section */

/* Begin XCConfigurationList section */
		C5B6A1A720F002CA000B3941 /* Build configuration list for PBXProject "RUAZOSI_2018_projekt" */ = {
			isa = XCConfigurationList;
			buildConfigurations = (
				C5B6A1BF20F002CA000B3941 /* Debug */,
				C5B6A1C020F002CA000B3941 /* Release */,
			);
			defaultConfigurationIsVisible = 0;
			defaultConfigurationName = Release;
		};
		C5B6A1C120F002CA000B3941 /* Build configuration list for PBXNativeTarget "RUAZOSI_2018_projekt" */ = {
			isa = XCConfigurationList;
			buildConfigurations = (
				C5B6A1C220F002CA000B3941 /* Debug */,
				C5B6A1C320F002CA000B3941 /* Release */,
			);
			defaultConfigurationIsVisible = 0;
			defaultConfigurationName = Release;
		};
/* End XCConfigurationList section */

/* Begin XCVersionGroup section */
		C5B6A1B620F002CA000B3941 /* RUAZOSI_2018_projekt.xcdatamodeld */ = {
			isa = XCVersionGroup;
			children = (
				C5B6A1B720F002CA000B3941 /* RUAZOSI_2018_projekt.xcdatamodel */,
			);
			currentVersion = C5B6A1B720F002CA000B3941 /* RUAZOSI_2018_projekt.xcdatamodel */;
			path = RUAZOSI_2018_projekt.xcdatamodeld;
			sourceTree = "<group>";
			versionGroupType = wrapper.xcdatamodel;
		};
/* End XCVersionGroup section */
	};
	rootObject = C5B6A1A420F002CA000B3941 /* Project object */;
}
